
Microsoft Visual Studio Solution File, Format Version 12.00
# Visual Studio 15
Project("{FAE04EC0-301F-11D3-BF4B-00C04F79EFBC}") = "Assembly-CSharp", "Assembly-CSharp.csproj", "{3250B16C-3B53-D985-64EC-F6BFBEA97473}"
EndProject
Project("{FAE04EC0-301F-11D3-BF4B-00C04F79EFBC}") = "Assembly-CSharp-Editor", "Assembly-CSharp-Editor.csproj", "{000ABF65-5D11-E256-07C2-50D933D4CFFB}"
EndProject
Global
	GlobalSection(SolutionConfigurationPlatforms) = preSolution
		Debug|Any CPU = Debug|Any CPU
		Release|Any CPU = Release|Any CPU
	EndGlobalSection
	GlobalSection(ProjectConfigurationPlatforms) = postSolution
		{3250B16C-3B53-D985-64EC-F6BFBEA97473}.Debug|Any CPU.ActiveCfg = Debug|Any CPU
		{3250B16C-3B53-D985-64EC-F6BFBEA97473}.Debug|Any CPU.Build.0 = Debug|Any CPU
		{3250B16C-3B53-D985-64EC-F6BFBEA97473}.Release|Any CPU.ActiveCfg = Release|Any CPU
		{3250B16C-3B53-D985-64EC-F6BFBEA97473}.Release|Any CPU.Build.0 = Release|Any CPU
		{000ABF65-5D11-E256-07C2-50D933D4CFFB}.Debug|Any CPU.ActiveCfg = Debug|Any CPU
		{000ABF65-5D11-E256-07C2-50D933D4CFFB}.Debug|Any CPU.Build.0 = Debug|Any CPU
		{000ABF65-5D11-E256-07C2-50D933D4CFFB}.Release|Any CPU.ActiveCfg = Release|Any CPU
		{000ABF65-5D11-E256-07C2-50D933D4CFFB}.Release|Any CPU.Build.0 = Release|Any CPU
	EndGlobalSection
	GlobalSection(SolutionProperties) = preSolution
		HideSolutionNode = FALSE
	EndGlobalSection
EndGlobal
